
Microsoft Visual Studio Solution File, Format Version 12.00
# Visual Studio Version 17
VisualStudioVersion = 17.14.36212.18 d17.14
MinimumVisualStudioVersion = 10.0.40219.1
Project("{FAE04EC0-301F-11D3-BF4B-00C04F79EFBC}") = "AVS", "AVS\AVS.csproj", "{E7B01366-4FE5-472B-A299-52F37E95AD79}"
	ProjectSection(ProjectDependencies) = postProject
		{041E397E-7644-40E3-9134-EDCE08E4279E} = {041E397E-7644-40E3-9134-EDCE08E4279E}
	EndProjectSection
EndProject
Project("{FAE04EC0-301F-11D3-BF4B-00C04F79EFBC}") = "IncrementBuildNumber", "IncrementBuildNumber\IncrementBuildNumber.csproj", "{041E397E-7644-40E3-9134-EDCE08E4279E}"
EndProject
Global
	GlobalSection(SolutionConfigurationPlatforms) = preSolution
		Debug|Any CPU = Debug|Any CPU
		Release|Any CPU = Release|Any CPU
	EndGlobalSection
	GlobalSection(ProjectConfigurationPlatforms) = postSolution
		{E7B01366-4FE5-472B-A299-52F37E95AD79}.Debug|Any CPU.ActiveCfg = Debug|Any CPU
		{E7B01366-4FE5-472B-A299-52F37E95AD79}.Debug|Any CPU.Build.0 = Debug|Any CPU
		{E7B01366-4FE5-472B-A299-52F37E95AD79}.Release|Any CPU.ActiveCfg = Release|Any CPU
		{E7B01366-4FE5-472B-A299-52F37E95AD79}.Release|Any CPU.Build.0 = Release|Any CPU
		{041E397E-7644-40E3-9134-EDCE08E4279E}.Debug|Any CPU.ActiveCfg = Debug|Any CPU
		{041E397E-7644-40E3-9134-EDCE08E4279E}.Debug|Any CPU.Build.0 = Debug|Any CPU
		{041E397E-7644-40E3-9134-EDCE08E4279E}.Release|Any CPU.ActiveCfg = Release|Any CPU
		{041E397E-7644-40E3-9134-EDCE08E4279E}.Release|Any CPU.Build.0 = Release|Any CPU
	EndGlobalSection
	GlobalSection(SolutionProperties) = preSolution
		HideSolutionNode = FALSE
	EndGlobalSection
	GlobalSection(ExtensibilityGlobals) = postSolution
		SolutionGuid = {03AB5EF9-48BC-4270-914B-40151EAE9A77}
	EndGlobalSection
EndGlobal
